
Microsoft Visual Studio Solution File, Format Version 12.00
# Visual Studio Version 17
VisualStudioVersion = 17.13.35931.197 d17.13
MinimumVisualStudioVersion = 10.0.40219.1
Project("{FAE04EC0-301F-11D3-BF4B-00C04F79EFBC}") = "Dsw2025Ej14.Api", "Dsw2025Ej14.Api\Dsw2025Ej14.Api.csproj", "{9881063A-6BAC-4051-BD00-A309809F4FED}"
EndProject
Global
	GlobalSection(SolutionConfigurationPlatforms) = preSolution
		Debug|Any CPU = Debug|Any CPU
		Release|Any CPU = Release|Any CPU
	EndGlobalSection
	GlobalSection(ProjectConfigurationPlatforms) = postSolution
		{9881063A-6BAC-4051-BD00-A309809F4FED}.Debug|Any CPU.ActiveCfg = Debug|Any CPU
		{9881063A-6BAC-4051-BD00-A309809F4FED}.Debug|Any CPU.Build.0 = Debug|Any CPU
		{9881063A-6BAC-4051-BD00-A309809F4FED}.Release|Any CPU.ActiveCfg = Release|Any CPU
		{9881063A-6BAC-4051-BD00-A309809F4FED}.Release|Any CPU.Build.0 = Release|Any CPU
	EndGlobalSection
	GlobalSection(SolutionProperties) = preSolution
		HideSolutionNode = FALSE
	EndGlobalSection
	GlobalSection(ExtensibilityGlobals) = postSolution
		SolutionGuid = {FCDF464F-4DC5-4B59-92BC-05E0CDC296C5}
	EndGlobalSection
EndGlobal
